{
  "lockfile-version": 1,
  "manifest": {
    "version": 1,
    "install": {
      "zola": {
        "pkg-path": "zola"
      }
    },
    "hook": {
      "on-activate": "zola build"
    },
    "profile": {},
    "options": {
      "systems": [
        "aarch64-darwin",
        "aarch64-linux",
        "x86_64-darwin",
        "x86_64-linux"
      ],
      "allow": {
        "licenses": []
      },
      "semver": {}
    },
    "services": {
      "zola": {
        "command": "zola.serve",
        "vars": null,
        "is-daemon": null,
        "shutdown": null,
        "systems": null
      }
    }
  },
  "packages": [
    {
      "attr_path": "zola",
      "broken": false,
      "derivation": "/nix/store/pq4xi2pknys48is24h37a347m4n8fbax-zola-0.19.2.drv",
      "description": "Fast static site generator with everything built-in",
      "install_id": "zola",
      "license": "MIT",
      "locked_url": "https://github.com/flox/nixpkgs?rev=4c2fcb090b1f3e5b47eaa7bd33913b574a11e0a0",
      "name": "zola-0.19.2",
      "pname": "zola",
      "rev": "4c2fcb090b1f3e5b47eaa7bd33913b574a11e0a0",
      "rev_count": 694395,
      "rev_date": "2024-10-18T13:02:40Z",
      "scrape_date": "2024-10-20T03:56:48Z",
      "stabilities": [
        "unstable"
      ],
      "unfree": false,
      "version": "0.19.2",
      "outputs_to_install": [
        "out"
      ],
      "outputs": {
        "out": "/nix/store/rv4illrymvjxm1gihw6dhmsd2ycnv05s-zola-0.19.2"
      },
      "system": "aarch64-darwin",
      "group": "toplevel",
      "priority": 5
    },
    {
      "attr_path": "zola",
      "broken": false,
      "derivation": "/nix/store/x0skhg2vwhdb0j7dnznhp8rk48f64cph-zola-0.19.2.drv",
      "description": "Fast static site generator with everything built-in",
      "install_id": "zola",
      "license": "MIT",
      "locked_url": "https://github.com/flox/nixpkgs?rev=4c2fcb090b1f3e5b47eaa7bd33913b574a11e0a0",
      "name": "zola-0.19.2",
      "pname": "zola",
      "rev": "4c2fcb090b1f3e5b47eaa7bd33913b574a11e0a0",
      "rev_count": 694395,
      "rev_date": "2024-10-18T13:02:40Z",
      "scrape_date": "2024-10-20T03:56:48Z",
      "stabilities": [
        "unstable"
      ],
      "unfree": false,
      "version": "0.19.2",
      "outputs_to_install": [
        "out"
      ],
      "outputs": {
        "out": "/nix/store/x24pskvksnh3y4r4y61prydjf9x1szm3-zola-0.19.2"
      },
      "system": "aarch64-linux",
      "group": "toplevel",
      "priority": 5
    },
    {
      "attr_path": "zola",
      "broken": false,
      "derivation": "/nix/store/r88ybqphhlf2p130wig6qxbyw4gpmhnv-zola-0.19.2.drv",
      "description": "Fast static site generator with everything built-in",
      "install_id": "zola",
      "license": "MIT",
      "locked_url": "https://github.com/flox/nixpkgs?rev=4c2fcb090b1f3e5b47eaa7bd33913b574a11e0a0",
      "name": "zola-0.19.2",
      "pname": "zola",
      "rev": "4c2fcb090b1f3e5b47eaa7bd33913b574a11e0a0",
      "rev_count": 694395,
      "rev_date": "2024-10-18T13:02:40Z",
      "scrape_date": "2024-10-20T03:56:48Z",
      "stabilities": [
        "unstable"
      ],
      "unfree": false,
      "version": "0.19.2",
      "outputs_to_install": [
        "out"
      ],
      "outputs": {
        "out": "/nix/store/rinvp0jy5n9iz3nz44dw2y0i3bqfy52c-zola-0.19.2"
      },
      "system": "x86_64-darwin",
      "group": "toplevel",
      "priority": 5
    },
    {
      "attr_path": "zola",
      "broken": false,
      "derivation": "/nix/store/b3d2ccrfbl0jn08k51gdxmin0gvd202f-zola-0.19.2.drv",
      "description": "Fast static site generator with everything built-in",
      "install_id": "zola",
      "license": "MIT",
      "locked_url": "https://github.com/flox/nixpkgs?rev=4c2fcb090b1f3e5b47eaa7bd33913b574a11e0a0",
      "name": "zola-0.19.2",
      "pname": "zola",
      "rev": "4c2fcb090b1f3e5b47eaa7bd33913b574a11e0a0",
      "rev_count": 694395,
      "rev_date": "2024-10-18T13:02:40Z",
      "scrape_date": "2024-10-20T03:56:48Z",
      "stabilities": [
        "unstable"
      ],
      "unfree": false,
      "version": "0.19.2",
      "outputs_to_install": [
        "out"
      ],
      "outputs": {
        "out": "/nix/store/8mw7ahqwx38j505n8al1hl9ncdzand1j-zola-0.19.2"
      },
      "system": "x86_64-linux",
      "group": "toplevel",
      "priority": 5
    }
  ]
}